%{"comeonin": {:hex, :comeonin, "3.1.0", "fbf18d43a7cfe7edebaa3bcf702d9a78821d3d3ed0c57c65419f99a8816dfaee", [:make, :mix], [{:elixir_make, "~> 0.4", [hex: :elixir_make, repo: "hexpm", optional: false]}], "hexpm"},
  "decimal": {:hex, :decimal, "1.1.1"},
  "ecto": {:hex, :ecto, "1.1.5"},
  "elixir_make": {:hex, :elixir_make, "0.4.0", "992f38fabe705bb45821a728f20914c554b276838433349d4f2341f7a687cddf", [:mix], [], "hexpm"},
  "exldap": {:hex, :exldap, "0.4.1", "6ec9b19926af28d8efa632897794025563d861a41a6a6dcd91801d37d25f9771", [:mix], [], "hexpm"},
  "phoenix": {:hex, :phoenix, "1.1.4", "65809fba92eb94377372a5fb5a561197654bb8406e773cc47ca1a031bbe58019", [:mix], [{:cowboy, "~> 1.0", [hex: :cowboy, repo: "hexpm", optional: true]}, {:plug, "~> 1.0", [hex: :plug, repo: "hexpm", optional: false]}, {:poison, "~> 1.5 or ~> 2.0", [hex: :poison, repo: "hexpm", optional: false]}], "hexpm"},
  "phoenix_ecto": {:hex, :phoenix_ecto, "2.0.1"},
  "plug": {:hex, :plug, "1.1.2", "7ed5cdc0245a56fcc9ad905c059dd2314cea9d043e6d0b8fd99b4845a3e220d5", [:mix], [{:cowboy, "~> 1.0", [hex: :cowboy, repo: "hexpm", optional: true]}], "hexpm"},
  "poison": {:hex, :poison, "1.5.2", "560bdfb7449e3ddd23a096929fb9fc2122f709bcc758b2d5d5a5c7d0ea848910", [:mix], [], "hexpm"},
  "poolboy": {:hex, :poolboy, "1.5.1"}}
